
Microsoft Visual Studio Solution File, Format Version 12.00
# Visual Studio Version 17
VisualStudioVersion = 17.11.35222.181
MinimumVisualStudioVersion = 10.0.40219.1
Project("{13B669BE-BB05-4DDF-9536-439F39A36129}") = "PHPDeploymentTask", "PHPDeploymentTask.phpproj", "{967C9202-9DC5-449E-8170-BE58B6D9DB8D}"
EndProject
Global
	GlobalSection(SolutionConfigurationPlatforms) = preSolution
		Debug|Any CPU = Debug|Any CPU
		Release|Any CPU = Release|Any CPU
	EndGlobalSection
	GlobalSection(ProjectConfigurationPlatforms) = postSolution
		{967C9202-9DC5-449E-8170-BE58B6D9DB8D}.Debug|Any CPU.ActiveCfg = Debug|Any CPU
		{967C9202-9DC5-449E-8170-BE58B6D9DB8D}.Debug|Any CPU.Build.0 = Debug|Any CPU
		{967C9202-9DC5-449E-8170-BE58B6D9DB8D}.Release|Any CPU.ActiveCfg = Release|Any CPU
		{967C9202-9DC5-449E-8170-BE58B6D9DB8D}.Release|Any CPU.Build.0 = Release|Any CPU
	EndGlobalSection
	GlobalSection(SolutionProperties) = preSolution
		HideSolutionNode = FALSE
	EndGlobalSection
	GlobalSection(ExtensibilityGlobals) = postSolution
		SolutionGuid = {01C6201E-2593-4971-A32D-2A01443F6FDA}
	EndGlobalSection
EndGlobal
